<?xml version="1.0" encoding="utf-8"?>
<Project ToolsVersion="4.0" xmlns="http://schemas.microsoft.com/developer/msbuild/2003">
  <ItemGroup>
    <Filter Include="Source Files">
      <UniqueIdentifier>{4FC737F1-C7A5-4376-A066-2A32D752A2FF}</UniqueIdentifier>
      <Extensions>cpp;c;cc;cxx;c++;cppm;ixx;def;odl;idl;hpj;bat;asm;asmx</Extensions>
    </Filter>
    <Filter Include="Header Files">
      <UniqueIdentifier>{93995380-89BD-4b04-88EB-625FBE52EBFB}</UniqueIdentifier>
      <Extensions>h;hh;hpp;hxx;h++;hm;inl;inc;ipp;xsd</Extensions>
    </Filter>
    <Filter Include="Resource Files">
      <UniqueIdentifier>{67DA6AB6-F800-4c08-8B7A-83BB121AAD01}</UniqueIdentifier>
      <Extensions>rc;ico;cur;bmp;dlg;rc2;rct;bin;rgs;gif;jpg;jpeg;jpe;resx;tiff;tif;png;wav;mfcribbon-ms</Extensions>
    </Filter>
  </ItemGroup>
  <ItemGroup>
    <ClCompile Include="main.c">
      <Filter>Source Files</Filter>
    </ClCompile>
    <ClCompile Include="secondary.c">
      <Filter>Source Files</Filter>
    </ClCompile>
    <ClCompile Include="menus.c">
      <Filter>Source Files</Filter>
    </ClCompile>
  </ItemGroup>
  <ItemGroup>
    <Text Include="dados\utilizadores.txt" />
    <Text Include="dados\meios.txt" />
    <Text Include="dados\alugueres.txt" />
  </ItemGroup>
  <ItemGroup>
    <ClInclude Include="secondary.h">
      <Filter>Header Files</Filter>
    </ClInclude>
  </ItemGroup>
  <ItemGroup>
    <None Include="documentacao\html\annotated.html" />
    <None Include="documentacao\html\classes.html" />
    <None Include="documentacao\html\dir_4de09a2694f60173946b5ae5217027dc.html" />
    <None Include="documentacao\html\files.html" />
    <None Include="documentacao\html\functions.html" />
    <None Include="documentacao\html\functions_vars.html" />
    <None Include="documentacao\html\globals.html" />
    <None Include="documentacao\html\globals_defs.html" />
    <None Include="documentacao\html\globals_func.html" />
    <None Include="documentacao\html\globals_type.html" />
    <None Include="documentacao\html\index.html" />
    <None Include="documentacao\html\main_8c.html" />
    <None Include="documentacao\html\menus_8c.html" />
    <None Include="documentacao\html\secondary_8c.html" />
    <None Include="documentacao\html\secondary_8h.html" />
    <None Include="documentacao\html\secondary_8h_source.html" />
    <None Include="documentacao\html\structregisto_aluguer.html" />
    <None Include="documentacao\html\structregisto_contacto.html" />
    <None Include="documentacao\html\structregisto_data.html" />
    <None Include="documentacao\html\structregisto_estado.html" />
    <None Include="documentacao\html\structregisto_meio.html" />
    <None Include="documentacao\html\structregisto_posicao.html" />
    <None Include="documentacao\html\structregisto_utilizador.html" />
  </ItemGroup>
</Project>